// !$*UTF8*$!
{
	archiveVersion = 1;
	classes = {
	};
	objectVersion = 46;
	objects = {

/* Begin PBXBuildFile section */
		444F3DF21E9F5D7C00DA3C76 /* main.m in Sources */ = {isa = PBXBuildFile; fileRef = 444F3DF11E9F5D7C00DA3C76 /* main.m */; };
		444F3DF51E9F5D7C00DA3C76 /* AppDelegate.m in Sources */ = {isa = PBXBuildFile; fileRef = 444F3DF41E9F5D7C00DA3C76 /* AppDelegate.m */; };
		444F3DF81E9F5D7C00DA3C76 /* ViewController.m in Sources */ = {isa = PBXBuildFile; fileRef = 444F3DF71E9F5D7C00DA3C76 /* ViewController.m */; };
		444F3DFB1E9F5D7C00DA3C76 /* Main.storyboard in Resources */ = {isa = PBXBuildFile; fileRef = 444F3DF91E9F5D7C00DA3C76 /* Main.storyboard */; };
		444F3DFD1E9F5D7C00DA3C76 /* Assets.xcassets in Resources */ = {isa = PBXBuildFile; fileRef = 444F3DFC1E9F5D7C00DA3C76 /* Assets.xcassets */; };
		444F3E001E9F5D7C00DA3C76 /* LaunchScreen.storyboard in Resources */ = {isa = PBXBuildFile; fileRef = 444F3DFE1E9F5D7C00DA3C76 /* LaunchScreen.storyboard */; };
/* End PBXBuildFile section */

/* Begin PBXFileReference section */
		444F3DED1E9F5D7C00DA3C76 /* 09-MapKit(地图).app */ = {isa = PBXFileReference; explicitFileType = wrapper.application; includeInIndex = 0; path = "09-MapKit(地图).app"; sourceTree = BUILT_PRODUCTS_DIR; };
		444F3DF11E9F5D7C00DA3C76 /* main.m */ = {isa = PBXFileReference; lastKnownFileType = sourcecode.c.objc; path = main.m; sourceTree = "<group>"; };
		444F3DF31E9F5D7C00DA3C76 /* AppDelegate.h */ = {isa = PBXFileReference; lastKnownFileType = sourcecode.c.h; path = AppDelegate.h; sourceTree = "<group>"; };
		444F3DF41E9F5D7C00DA3C76 /* AppDelegate.m */ = {isa = PBXFileReference; lastKnownFileType = sourcecode.c.objc; path = AppDelegate.m; sourceTree = "<group>"; };
		444F3DF61E9F5D7C00DA3C76 /* ViewController.h */ = {isa = PBXFileReference; lastKnownFileType = sourcecode.c.h; path = ViewController.h; sourceTree = "<group>"; };
		444F3DF71E9F5D7C00DA3C76 /* ViewController.m */ = {isa = PBXFileReference; lastKnownFileType = sourcecode.c.objc; path = ViewController.m; sourceTree = "<group>"; };
		444F3DFA1E9F5D7C00DA3C76 /* Base */ = {isa = PBXFileReference; lastKnownFileType = file.storyboard; name = Base; path = Base.lproj/Main.storyboard; sourceTree = "<group>"; };
		444F3DFC1E9F5D7C00DA3C76 /* Assets.xcassets */ = {isa = PBXFileReference; lastKnownFileType = folder.assetcatalog; path = Assets.xcassets; sourceTree = "<group>"; };
		444F3DFF1E9F5D7C00DA3C76 /* Base */ = {isa = PBXFileReference; lastKnownFileType = file.storyboard; name = Base; path = Base.lproj/LaunchScreen.storyboard; sourceTree = "<group>"; };
		444F3E011E9F5D7C00DA3C76 /* Info.plist */ = {isa = PBXFileReference; lastKnownFileType = text.plist.xml; path = Info.plist; sourceTree = "<group>"; };
/* End PBXFileReference section */

/* Begin PBXFrameworksBuildPhase section */
		444F3DEA1E9F5D7C00DA3C76 /* Frameworks */ = {
			isa = PBXFrameworksBuildPhase;
			buildActionMask = 2147483647;
			files = (
			);
			runOnlyForDeploymentPostprocessing = 0;
		};
/* End PBXFrameworksBuildPhase section */

/* Begin PBXGroup section */
		444F3DE41E9F5D7C00DA3C76 = {
			isa = PBXGroup;
			children = (
				444F3DEF1E9F5D7C00DA3C76 /* 09-MapKit(地图) */,
				444F3DEE1E9F5D7C00DA3C76 /* Products */,
			);
			sourceTree = "<group>";
		};
		444F3DEE1E9F5D7C00DA3C76 /* Products */ = {
			isa = PBXGroup;
			children = (
				444F3DED1E9F5D7C00DA3C76 /* 09-MapKit(地图).app */,
			);
			name = Products;
			sourceTree = "<group>";
		};
		444F3DEF1E9F5D7C00DA3C76 /* 09-MapKit(地图) */ = {
			isa = PBXGroup;
			children = (
				444F3DF31E9F5D7C00DA3C76 /* AppDelegate.h */,
				444F3DF41E9F5D7C00DA3C76 /* AppDelegate.m */,
				444F3DF61E9F5D7C00DA3C76 /* ViewController.h */,
				444F3DF71E9F5D7C00DA3C76 /* ViewController.m */,
				444F3DF91E9F5D7C00DA3C76 /* Main.storyboard */,
				444F3DFC1E9F5D7C00DA3C76 /* Assets.xcassets */,
				444F3DFE1E9F5D7C00DA3C76 /* LaunchScreen.storyboard */,
				444F3E011E9F5D7C00DA3C76 /* Info.plist */,
				444F3DF01E9F5D7C00DA3C76 /* Supporting Files */,
			);
			path = "09-MapKit(地图)";
			sourceTree = "<group>";
		};
		444F3DF01E9F5D7C00DA3C76 /* Supporting Files */ = {
			isa = PBXGroup;
			children = (
				444F3DF11E9F5D7C00DA3C76 /* main.m */,
			);
			name = "Supporting Files";
			sourceTree = "<group>";
		};
/* End PBXGroup section */

/* Begin PBXNativeTarget section */
		444F3DEC1E9F5D7C00DA3C76 /* 09-MapKit(地图) */ = {
			isa = PBXNativeTarget;
			buildConfigurationList = 444F3E041E9F5D7C00DA3C76 /* Build configuration list for PBXNativeTarget "09-MapKit(地图)" */;
			buildPhases = (
				444F3DE91E9F5D7C00DA3C76 /* Sources */,
				444F3DEA1E9F5D7C00DA3C76 /* Frameworks */,
				444F3DEB1E9F5D7C00DA3C76 /* Resources */,
			);
			buildRules = (
			);
			dependencies = (
			);
			name = "09-MapKit(地图)";
			productName = "09-MapKit(地图)";
			productReference = 444F3DED1E9F5D7C00DA3C76 /* 09-MapKit(地图).app */;
			productType = "com.apple.product-type.application";
		};
/* End PBXNativeTarget section */

/* Begin PBXProject section */
		444F3DE51E9F5D7C00DA3C76 /* Project object */ = {
			isa = PBXProject;
			attributes = {
				LastUpgradeCheck = 0820;
				ORGANIZATIONNAME = ZL;
				TargetAttributes = {
					444F3DEC1E9F5D7C00DA3C76 = {
						CreatedOnToolsVersion = 8.2.1;
						ProvisioningStyle = Automatic;
					};
				};
			};
			buildConfigurationList = 444F3DE81E9F5D7C00DA3C76 /* Build configuration list for PBXProject "09-MapKit(地图)" */;
			compatibilityVersion = "Xcode 3.2";
			developmentRegion = English;
			hasScannedForEncodings = 0;
			knownRegions = (
				en,
				Base,
			);
			mainGroup = 444F3DE41E9F5D7C00DA3C76;
			productRefGroup = 444F3DEE1E9F5D7C00DA3C76 /* Products */;
			projectDirPath = "";
			projectRoot = "";
			targets = (
				444F3DEC1E9F5D7C00DA3C76 /* 09-MapKit(地图) */,
			);
		};
/* End PBXProject section */

/* Begin PBXResourcesBuildPhase section */
		444F3DEB1E9F5D7C00DA3C76 /* Resources */ = {
			isa = PBXResourcesBuildPhase;
			buildActionMask = 2147483647;
			files = (
				444F3E001E9F5D7C00DA3C76 /* LaunchScreen.storyboard in Resources */,
				444F3DFD1E9F5D7C00DA3C76 /* Assets.xcassets in Resources */,
				444F3DFB1E9F5D7C00DA3C76 /* Main.storyboard in Resources */,
			);
			runOnlyForDeploymentPostprocessing = 0;
		};
/* End PBXResourcesBuildPhase section */

/* Begin PBXSourcesBuildPhase section */
		444F3DE91E9F5D7C00DA3C76 /* Sources */ = {
			isa = PBXSourcesBuildPhase;
			buildActionMask = 2147483647;
			files = (
				444F3DF81E9F5D7C00DA3C76 /* ViewController.m in Sources */,
				444F3DF51E9F5D7C00DA3C76 /* AppDelegate.m in Sources */,
				444F3DF21E9F5D7C00DA3C76 /* main.m in Sources */,
			);
			runOnlyForDeploymentPostprocessing = 0;
		};
/* End PBXSourcesBuildPhase section */

/* Begin PBXVariantGroup section */
		444F3DF91E9F5D7C00DA3C76 /* Main.storyboard */ = {
			isa = PBXVariantGroup;
			children = (
				444F3DFA1E9F5D7C00DA3C76 /* Base */,
			);
			name = Main.storyboard;
			sourceTree = "<group>";
		};
		444F3DFE1E9F5D7C00DA3C76 /* LaunchScreen.storyboard */ = {
			isa = PBXVariantGroup;
			children = (
				444F3DFF1E9F5D7C00DA3C76 /* Base */,
			);
			name = LaunchScreen.storyboard;
			sourceTree = "<group>";
		};
/* End PBXVariantGroup section */

/* Begin XCBuildConfiguration section */
		444F3E021E9F5D7C00DA3C76 /* Debug */ = {
			isa = XCBuildConfiguration;
			buildSettings = {
				ALWAYS_SEARCH_USER_PATHS = NO;
				CLANG_ANALYZER_NONNULL = YES;
				CLANG_CXX_LANGUAGE_STANDARD = "gnu++0x";
				CLANG_CXX_LIBRARY = "libc++";
				CLANG_ENABLE_MODULES = YES;
				CLANG_ENABLE_OBJC_ARC = YES;
				CLANG_WARN_BOOL_CONVERSION = YES;
				CLANG_WARN_CONSTANT_CONVERSION = YES;
				CLANG_WARN_DIRECT_OBJC_ISA_USAGE = YES_ERROR;
				CLANG_WARN_DOCUMENTATION_COMMENTS = YES;
				CLANG_WARN_EMPTY_BODY = YES;
				CLANG_WARN_ENUM_CONVERSION = YES;
				CLANG_WARN_INFINITE_RECURSION = YES;
				CLANG_WARN_INT_CONVERSION = YES;
				CLANG_WARN_OBJC_ROOT_CLASS = YES_ERROR;
				CLANG_WARN_SUSPICIOUS_MOVE = YES;
				CLANG_WARN_UNREACHABLE_CODE = YES;
				CLANG_WARN__DUPLICATE_METHOD_MATCH = YES;
				"CODE_SIGN_IDENTITY[sdk=iphoneos*]" = "iPhone Developer";
				COPY_PHASE_STRIP = NO;
				DEBUG_INFORMATION_FORMAT = dwarf;
				ENABLE_STRICT_OBJC_MSGSEND = YES;
				ENABLE_TESTABILITY = YES;
				GCC_C_LANGUAGE_STANDARD = gnu99;
				GCC_DYNAMIC_NO_PIC = NO;
				GCC_NO_COMMON_BLOCKS = YES;
				GCC_OPTIMIZATION_LEVEL = 0;
				GCC_PREPROCESSOR_DEFINITIONS = (
					"DEBUG=1",
					"$(inherited)",
				);
				GCC_WARN_64_TO_32_BIT_CONVERSION = YES;
				GCC_WARN_ABOUT_RETURN_TYPE = YES_ERROR;
				GCC_WARN_UNDECLARED_SELECTOR = YES;
				GCC_WARN_UNINITIALIZED_AUTOS = YES_AGGRESSIVE;
				GCC_WARN_UNUSED_FUNCTION = YES;
				GCC_WARN_UNUSED_VARIABLE = YES;
				IPHONEOS_DEPLOYMENT_TARGET = 10.2;
				MTL_ENABLE_DEBUG_INFO = YES;
				ONLY_ACTIVE_ARCH = YES;
				SDKROOT = iphoneos;
			};
			name = Debug;
		};
		444F3E031E9F5D7C00DA3C76 /* Release */ = {
			isa = XCBuildConfiguration;
			buildSettings = {
				ALWAYS_SEARCH_USER_PATHS = NO;
				CLANG_ANALYZER_NONNULL = YES;
				CLANG_CXX_LANGUAGE_STANDARD = "gnu++0x";
				CLANG_CXX_LIBRARY = "libc++";
				CLANG_ENABLE_MODULES = YES;
				CLANG_ENABLE_OBJC_ARC = YES;
				CLANG_WARN_BOOL_CONVERSION = YES;
				CLANG_WARN_CONSTANT_CONVERSION = YES;
				CLANG_WARN_DIRECT_OBJC_ISA_USAGE = YES_ERROR;
				CLANG_WARN_DOCUMENTATION_COMMENTS = YES;
				CLANG_WARN_EMPTY_BODY = YES;
				CLANG_WARN_ENUM_CONVERSION = YES;
				CLANG_WARN_INFINITE_RECURSION = YES;
				CLANG_WARN_INT_CONVERSION = YES;
				CLANG_WARN_OBJC_ROOT_CLASS = YES_ERROR;
				CLANG_WARN_SUSPICIOUS_MOVE = YES;
				CLANG_WARN_UNREACHABLE_CODE = YES;
				CLANG_WARN__DUPLICATE_METHOD_MATCH = YES;
				"CODE_SIGN_IDENTITY[sdk=iphoneos*]" = "iPhone Developer";
				COPY_PHASE_STRIP = NO;
				DEBUG_INFORMATION_FORMAT = "dwarf-with-dsym";
				ENABLE_NS_ASSERTIONS = NO;
				ENABLE_STRICT_OBJC_MSGSEND = YES;
				GCC_C_LANGUAGE_STANDARD = gnu99;
				GCC_NO_COMMON_BLOCKS = YES;
				GCC_WARN_64_TO_32_BIT_CONVERSION = YES;
				GCC_WARN_ABOUT_RETURN_TYPE = YES_ERROR;
				GCC_WARN_UNDECLARED_SELECTOR = YES;
				GCC_WARN_UNINITIALIZED_AUTOS = YES_AGGRESSIVE;
				GCC_WARN_UNUSED_FUNCTION = YES;
				GCC_WARN_UNUSED_VARIABLE = YES;
				IPHONEOS_DEPLOYMENT_TARGET = 10.2;
				MTL_ENABLE_DEBUG_INFO = NO;
				SDKROOT = iphoneos;
				VALIDATE_PRODUCT = YES;
			};
			name = Release;
		};
		444F3E051E9F5D7C00DA3C76 /* Debug */ = {
			isa = XCBuildConfiguration;
			buildSettings = {
				ASSETCATALOG_COMPILER_APPICON_NAME = AppIcon;
				INFOPLIST_FILE = "09-MapKit(地图)/Info.plist";
				LD_RUNPATH_SEARCH_PATHS = "$(inherited) @executable_path/Frameworks";
				PRODUCT_BUNDLE_IDENTIFIER = "ZL.-9-MapKit----";
				PRODUCT_NAME = "$(TARGET_NAME)";
			};
			name = Debug;
		};
		444F3E061E9F5D7C00DA3C76 /* Release */ = {
			isa = XCBuildConfiguration;
			buildSettings = {
				ASSETCATALOG_COMPILER_APPICON_NAME = AppIcon;
				INFOPLIST_FILE = "09-MapKit(地图)/Info.plist";
				LD_RUNPATH_SEARCH_PATHS = "$(inherited) @executable_path/Frameworks";
				PRODUCT_BUNDLE_IDENTIFIER = "ZL.-9-MapKit----";
				PRODUCT_NAME = "$(TARGET_NAME)";
			};
			name = Release;
		};
/* End XCBuildConfiguration section */

/* Begin XCConfigurationList section */
		444F3DE81E9F5D7C00DA3C76 /* Build configuration list for PBXProject "09-MapKit(地图)" */ = {
			isa = XCConfigurationList;
			buildConfigurations = (
				444F3E021E9F5D7C00DA3C76 /* Debug */,
				444F3E031E9F5D7C00DA3C76 /* Release */,
			);
			defaultConfigurationIsVisible = 0;
			defaultConfigurationName = Release;
		};
		444F3E041E9F5D7C00DA3C76 /* Build configuration list for PBXNativeTarget "09-MapKit(地图)" */ = {
			isa = XCConfigurationList;
			buildConfigurations = (
				444F3E051E9F5D7C00DA3C76 /* Debug */,
				444F3E061E9F5D7C00DA3C76 /* Release */,
			);
			defaultConfigurationIsVisible = 0;
		};
/* End XCConfigurationList section */
	};
	rootObject = 444F3DE51E9F5D7C00DA3C76 /* Project object */;
}
